
Microsoft Visual Studio Solution File, Format Version 12.00
# Visual Studio 15
VisualStudioVersion = 15.0.28307.572
MinimumVisualStudioVersion = 10.0.40219.1
Project("{FAE04EC0-301F-11D3-BF4B-00C04F79EFBC}") = "Duck", "Duck\Duck.csproj", "{410C6A69-1BCC-435B-B191-D3363C3AE71A}"
EndProject
Global
	GlobalSection(SolutionConfigurationPlatforms) = preSolution
		Debug|Any CPU = Debug|Any CPU
		Release|Any CPU = Release|Any CPU
	EndGlobalSection
	GlobalSection(ProjectConfigurationPlatforms) = postSolution
		{410C6A69-1BCC-435B-B191-D3363C3AE71A}.Debug|Any CPU.ActiveCfg = Debug|Any CPU
		{410C6A69-1BCC-435B-B191-D3363C3AE71A}.Debug|Any CPU.Build.0 = Debug|Any CPU
		{410C6A69-1BCC-435B-B191-D3363C3AE71A}.Release|Any CPU.ActiveCfg = Release|Any CPU
		{410C6A69-1BCC-435B-B191-D3363C3AE71A}.Release|Any CPU.Build.0 = Release|Any CPU
	EndGlobalSection
	GlobalSection(SolutionProperties) = preSolution
		HideSolutionNode = FALSE
	EndGlobalSection
	GlobalSection(ExtensibilityGlobals) = postSolution
		SolutionGuid = {D71AB607-B2A5-420D-AD96-83BF773188D8}
	EndGlobalSection
EndGlobal
